
Microsoft Visual Studio Solution File, Format Version 12.00
# Visual Studio Version 17
VisualStudioVersion = 17.4.33122.133
MinimumVisualStudioVersion = 10.0.40219.1
Project("{8BC9CEB8-8B4A-11D0-8D11-00A0C91BC942}") = "ASM 9", "ASM 9\ASM 9.vcxproj", "{1B9632ED-55E6-46F6-9217-4D7353C8DCB6}"
EndProject
Global
	GlobalSection(SolutionConfigurationPlatforms) = preSolution
		Debug|x86 = Debug|x86
		Release|x86 = Release|x86
	EndGlobalSection
	GlobalSection(ProjectConfigurationPlatforms) = postSolution
		{1B9632ED-55E6-46F6-9217-4D7353C8DCB6}.Debug|x86.ActiveCfg = Debug|Win32
		{1B9632ED-55E6-46F6-9217-4D7353C8DCB6}.Debug|x86.Build.0 = Debug|Win32
		{1B9632ED-55E6-46F6-9217-4D7353C8DCB6}.Release|x86.ActiveCfg = Release|Win32
		{1B9632ED-55E6-46F6-9217-4D7353C8DCB6}.Release|x86.Build.0 = Release|Win32
	EndGlobalSection
	GlobalSection(SolutionProperties) = preSolution
		HideSolutionNode = FALSE
	EndGlobalSection
	GlobalSection(ExtensibilityGlobals) = postSolution
		SolutionGuid = {81053DB6-7089-44C0-A802-A9A37FD1170C}
	EndGlobalSection
EndGlobal
